
Microsoft Visual Studio Solution File, Format Version 12.00
# Visual Studio 15
VisualStudioVersion = 15.0.28307.271
MinimumVisualStudioVersion = 10.0.40219.1
Project("{FAE04EC0-301F-11D3-BF4B-00C04F79EFBC}") = "Examen_Web", "Examen_Web\Examen_Web.csproj", "{46CD591A-E962-4865-885E-481267992943}"
EndProject
Global
	GlobalSection(SolutionConfigurationPlatforms) = preSolution
		Debug|Any CPU = Debug|Any CPU
		Release|Any CPU = Release|Any CPU
	EndGlobalSection
	GlobalSection(ProjectConfigurationPlatforms) = postSolution
		{46CD591A-E962-4865-885E-481267992943}.Debug|Any CPU.ActiveCfg = Debug|Any CPU
		{46CD591A-E962-4865-885E-481267992943}.Debug|Any CPU.Build.0 = Debug|Any CPU
		{46CD591A-E962-4865-885E-481267992943}.Release|Any CPU.ActiveCfg = Release|Any CPU
		{46CD591A-E962-4865-885E-481267992943}.Release|Any CPU.Build.0 = Release|Any CPU
	EndGlobalSection
	GlobalSection(SolutionProperties) = preSolution
		HideSolutionNode = FALSE
	EndGlobalSection
	GlobalSection(ExtensibilityGlobals) = postSolution
		SolutionGuid = {AE641F6C-FA3C-4A56-B60F-BF7EC737F1DD}
	EndGlobalSection
EndGlobal
